{
  "version": 4,
  "terraform_version": "0.14.9",
  "serial": 50,
  "lineage": "8d46857e-8715-bc8d-7849-f9768558ca49",
  "outputs": {},
  "resources": [
    {
      "mode": "data",
      "type": "yandex_compute_image",
      "name": "ubuntu_image",
      "provider": "provider[\"registry.terraform.io/yandex-cloud/yandex\"]",
      "instances": [
        {
          "schema_version": 0,
          "attributes": {
            "created_at": "2021-02-03T13:45:33Z",
            "description": "Ubuntu 20.04 distribution. Official website and documentation: https://www.ubuntu.com",
            "family": "ubuntu-2004-lts",
            "folder_id": "standard-images",
            "id": "fd87uq4tagjupcnm376a",
            "image_id": "fd87uq4tagjupcnm376a",
            "labels": {},
            "min_disk_size": 3,
            "name": "ubuntu-2004-lts-1612358882",
            "os_type": "linux",
            "product_ids": [
              "f2e2omleq2p9hqm60avu"
            ],
            "size": 2,
            "status": "ready"
          },
          "sensitive_attributes": []
        }
      ]
    },
    {
      "mode": "managed",
      "type": "yandex_compute_instance",
      "name": "master",
      "provider": "provider[\"registry.terraform.io/yandex-cloud/yandex\"]",
      "instances": [
        {
          "schema_version": 1,
          "attributes": {
            "allow_stopping_for_update": null,
            "boot_disk": [
              {
                "auto_delete": true,
                "device_name": "fhmdo4f9hghc3ab5krkv",
                "disk_id": "fhmdo4f9hghc3ab5krkv",
                "initialize_params": [
                  {
                    "description": "",
                    "image_id": "fd87uq4tagjupcnm376a",
                    "name": "",
                    "size": 10,
                    "snapshot_id": "",
                    "type": "network-ssd"
                  }
                ],
                "mode": "READ_WRITE"
              }
            ],
            "created_at": "2021-03-31T03:22:39Z",
            "description": "",
            "folder_id": "b1gj1dh66oosnfvon61a",
            "fqdn": "master.ru-central1.internal",
            "hostname": "master",
            "id": "fhmrs5eb6a3tov505f1k",
            "labels": null,
            "metadata": {
              "ssh-keys": "ubuntu:ssh-rsa AAAAB3NzaC1yc2EAAAADAQABAAABgQDuwIip4JYD+f0dLXytgExZIp1qPTWXs5z/wKZ1Zzgt7vrJJ9sB1GA69Q5Mx9dqfRa1AgTxOx6NjDPkpTaDBWSSgIGo+TW/FknDt5bmPUEfwSbbGAQJWT9NrWRpC5IfNQ27LiyKZXnCTZey+L/0FVExEOgCICVYJzylm/R0QqJzEKedSuXRIgbB29cCmVpQV6JM26VB9xwAMg6SEl3nUN88meu0LtszwsmvvtiC0UTPiON4VmATruOKWYfKtTKEJ2Q2eJjqDjtvsyVvalUdosUSgg5nxIf52Lz5kO5L1njErp/QOYa1Mv3QDEssD14Fd2+DLHxDc4Y3voSKa0zxkLyZEVcyOgbERjE/EdP/XaWHuLaEg/qUPekCOi4X3ifZWQCc+8JpbMoOaJjDXPxcLL3YrY1MYKAY/cq/ZpUMoePpWUG2JxhIiXwxHN846yZyF7lrV+EPCmYBixCELsKom95DS9rQWakB/SIoe+jEjylIgLxlHT2ROBlRzWbSZ4XUbVM= ghoru@omega\n"
            },
            "name": "master",
            "network_acceleration_type": "standard",
            "network_interface": [
              {
                "index": 0,
                "ip_address": "172.16.1.13",
                "ipv4": true,
                "ipv6": false,
                "ipv6_address": "",
                "mac_address": "d0:0d:1b:e1:5c:b3",
                "nat": true,
                "nat_ip_address": "130.193.50.201",
                "nat_ip_version": "IPV4",
                "security_group_ids": [],
                "subnet_id": "e9blop9bfgaajokm4feo"
              }
            ],
            "placement_policy": [
              {
                "placement_group_id": ""
              }
            ],
            "platform_id": "standard-v1",
            "resources": [
              {
                "core_fraction": 100,
                "cores": 2,
                "gpus": 0,
                "memory": 2
              }
            ],
            "scheduling_policy": [
              {
                "preemptible": false
              }
            ],
            "secondary_disk": [],
            "service_account_id": "",
            "status": "running",
            "timeouts": null,
            "zone": "ru-central1-a"
          },
          "sensitive_attributes": [],
          "private": "eyJlMmJmYjczMC1lY2FhLTExZTYtOGY4OC0zNDM2M2JjN2M0YzAiOnsiY3JlYXRlIjozMDAwMDAwMDAwMDAsImRlbGV0ZSI6MzAwMDAwMDAwMDAwLCJ1cGRhdGUiOjMwMDAwMDAwMDAwMH0sInNjaGVtYV92ZXJzaW9uIjoiMSJ9",
          "dependencies": [
            "data.yandex_compute_image.ubuntu_image",
            "yandex_vpc_network.internal",
            "yandex_vpc_subnet.internal-a"
          ]
        }
      ]
    },
    {
      "mode": "managed",
      "type": "yandex_compute_instance_group",
      "name": "workers_1",
      "provider": "provider[\"registry.terraform.io/yandex-cloud/yandex\"]",
      "instances": [
        {
          "schema_version": 0,
          "attributes": {
            "allocation_policy": [
              {
                "zones": [
                  "ru-central1-a"
                ]
              }
            ],
            "created_at": "2021-03-31T03:22:40Z",
            "deletion_protection": false,
            "deploy_policy": [
              {
                "max_creating": 3,
                "max_deleting": 3,
                "max_expansion": 1,
                "max_unavailable": 1,
                "startup_duration": 0,
                "strategy": "proactive"
              }
            ],
            "description": "",
            "folder_id": "b1gj1dh66oosnfvon61a",
            "health_check": [],
            "id": "cl1k4bo3djlql7hrt1f4",
            "instance_template": [
              {
                "boot_disk": [
                  {
                    "device_name": "",
                    "initialize_params": [
                      {
                        "description": "",
                        "image_id": "fd87uq4tagjupcnm376a",
                        "size": 15,
                        "snapshot_id": "",
                        "type": "network-ssd"
                      }
                    ],
                    "mode": "READ_WRITE"
                  }
                ],
                "description": "",
                "hostname": "",
                "labels": null,
                "metadata": {
                  "ssh-keys": "ubuntu:ssh-rsa AAAAB3NzaC1yc2EAAAADAQABAAABgQDuwIip4JYD+f0dLXytgExZIp1qPTWXs5z/wKZ1Zzgt7vrJJ9sB1GA69Q5Mx9dqfRa1AgTxOx6NjDPkpTaDBWSSgIGo+TW/FknDt5bmPUEfwSbbGAQJWT9NrWRpC5IfNQ27LiyKZXnCTZey+L/0FVExEOgCICVYJzylm/R0QqJzEKedSuXRIgbB29cCmVpQV6JM26VB9xwAMg6SEl3nUN88meu0LtszwsmvvtiC0UTPiON4VmATruOKWYfKtTKEJ2Q2eJjqDjtvsyVvalUdosUSgg5nxIf52Lz5kO5L1njErp/QOYa1Mv3QDEssD14Fd2+DLHxDc4Y3voSKa0zxkLyZEVcyOgbERjE/EdP/XaWHuLaEg/qUPekCOi4X3ifZWQCc+8JpbMoOaJjDXPxcLL3YrY1MYKAY/cq/ZpUMoePpWUG2JxhIiXwxHN846yZyF7lrV+EPCmYBixCELsKom95DS9rQWakB/SIoe+jEjylIgLxlHT2ROBlRzWbSZ4XUbVM= ghoru@omega\n"
                },
                "name": "",
                "network_interface": [
                  {
                    "ipv4": true,
                    "ipv6": false,
                    "nat": true,
                    "network_id": "enphsu789h16ni8iqod9",
                    "security_group_ids": null,
                    "subnet_ids": [
                      "e9blop9bfgaajokm4feo"
                    ]
                  }
                ],
                "network_settings": [],
                "placement_policy": [
                  {
                    "placement_group_id": ""
                  }
                ],
                "platform_id": "standard-v2",
                "resources": [
                  {
                    "core_fraction": 100,
                    "cores": 2,
                    "gpus": 0,
                    "memory": 4
                  }
                ],
                "scheduling_policy": [
                  {
                    "preemptible": false
                  }
                ],
                "secondary_disk": [],
                "service_account_id": ""
              }
            ],
            "instances": [
              {
                "fqdn": "cl1k4bo3djlql7hrt1f4-ynuc.ru-central1.internal",
                "instance_id": "fhmmp76fefenm2s4og8o",
                "name": "cl1k4bo3djlql7hrt1f4-ynuc",
                "network_interface": [
                  {
                    "index": 0,
                    "ip_address": "172.16.1.7",
                    "ipv4": true,
                    "ipv6": false,
                    "ipv6_address": "",
                    "mac_address": "d0:0d:16:c9:cc:f7",
                    "nat": true,
                    "nat_ip_address": "130.193.49.226",
                    "nat_ip_version": "IPV4",
                    "subnet_id": "e9blop9bfgaajokm4feo"
                  }
                ],
                "status": "RUNNING_ACTUAL",
                "status_changed_at": "2021-03-31T03:23:02Z",
                "status_message": "",
                "zone_id": "ru-central1-a"
              },
              {
                "fqdn": "cl1k4bo3djlql7hrt1f4-uqys.ru-central1.internal",
                "instance_id": "fhmhegut1um846ud19tv",
                "name": "cl1k4bo3djlql7hrt1f4-uqys",
                "network_interface": [
                  {
                    "index": 0,
                    "ip_address": "172.16.1.30",
                    "ipv4": true,
                    "ipv6": false,
                    "ipv6_address": "",
                    "mac_address": "d0:0d:11:74:3d:d0",
                    "nat": true,
                    "nat_ip_address": "84.201.156.125",
                    "nat_ip_version": "IPV4",
                    "subnet_id": "e9blop9bfgaajokm4feo"
                  }
                ],
                "status": "RUNNING_ACTUAL",
                "status_changed_at": "2021-03-31T03:23:02Z",
                "status_message": "",
                "zone_id": "ru-central1-a"
              },
              {
                "fqdn": "cl1k4bo3djlql7hrt1f4-urov.ru-central1.internal",
                "instance_id": "fhm34vim2dp2evue2hk4",
                "name": "cl1k4bo3djlql7hrt1f4-urov",
                "network_interface": [
                  {
                    "index": 0,
                    "ip_address": "172.16.1.29",
                    "ipv4": true,
                    "ipv6": false,
                    "ipv6_address": "",
                    "mac_address": "d0:0d:32:7e:56:13",
                    "nat": true,
                    "nat_ip_address": "130.193.49.45",
                    "nat_ip_version": "IPV4",
                    "subnet_id": "e9blop9bfgaajokm4feo"
                  }
                ],
                "status": "RUNNING_ACTUAL",
                "status_changed_at": "2021-03-31T03:23:04Z",
                "status_message": "",
                "zone_id": "ru-central1-a"
              }
            ],
            "labels": null,
            "load_balancer": [],
            "name": "workers-1",
            "scale_policy": [
              {
                "auto_scale": [],
                "fixed_scale": [
                  {
                    "size": 3
                  }
                ],
                "test_auto_scale": []
              }
            ],
            "service_account_id": "ajelvm86l5cnfka2dmsg",
            "status": "ACTIVE",
            "timeouts": null,
            "variables": null
          },
          "sensitive_attributes": [],
          "private": "eyJlMmJmYjczMC1lY2FhLTExZTYtOGY4OC0zNDM2M2JjN2M0YzAiOnsiY3JlYXRlIjoxODAwMDAwMDAwMDAwLCJkZWxldGUiOjE4MDAwMDAwMDAwMDAsInVwZGF0ZSI6MTgwMDAwMDAwMDAwMH19",
          "dependencies": [
            "data.yandex_compute_image.ubuntu_image",
            "yandex_iam_service_account.instances",
            "yandex_resourcemanager_folder_iam_binding.editor",
            "yandex_vpc_network.internal",
            "yandex_vpc_subnet.internal-a"
          ]
        }
      ]
    },
    {
      "mode": "managed",
      "type": "yandex_iam_service_account",
      "name": "instances",
      "provider": "provider[\"registry.terraform.io/yandex-cloud/yandex\"]",
      "instances": [
        {
          "schema_version": 0,
          "attributes": {
            "created_at": "2021-03-31T03:22:37Z",
            "description": "service account to manage VMs",
            "folder_id": "b1gj1dh66oosnfvon61a",
            "id": "ajelvm86l5cnfka2dmsg",
            "name": "instances",
            "timeouts": null
          },
          "sensitive_attributes": [],
          "private": "eyJlMmJmYjczMC1lY2FhLTExZTYtOGY4OC0zNDM2M2JjN2M0YzAiOnsiY3JlYXRlIjo2MDAwMDAwMDAwMCwiZGVsZXRlIjo2MDAwMDAwMDAwMCwidXBkYXRlIjo2MDAwMDAwMDAwMH19"
        }
      ]
    },
    {
      "mode": "managed",
      "type": "yandex_resourcemanager_folder_iam_binding",
      "name": "editor",
      "provider": "provider[\"registry.terraform.io/yandex-cloud/yandex\"]",
      "instances": [
        {
          "schema_version": 0,
          "attributes": {
            "folder_id": "b1gj1dh66oosnfvon61a",
            "id": "b1gj1dh66oosnfvon61a/editor",
            "members": [
              "serviceAccount:ajelvm86l5cnfka2dmsg"
            ],
            "role": "editor",
            "sleep_after": null
          },
          "sensitive_attributes": [],
          "private": "bnVsbA==",
          "dependencies": [
            "yandex_iam_service_account.instances"
          ]
        }
      ]
    },
    {
      "mode": "managed",
      "type": "yandex_vpc_network",
      "name": "internal",
      "provider": "provider[\"registry.terraform.io/yandex-cloud/yandex\"]",
      "instances": [
        {
          "schema_version": 0,
          "attributes": {
            "created_at": "2021-03-31T03:22:37Z",
            "default_security_group_id": "",
            "description": "",
            "folder_id": "b1gj1dh66oosnfvon61a",
            "id": "enphsu789h16ni8iqod9",
            "labels": null,
            "name": "internal",
            "subnet_ids": [],
            "timeouts": null
          },
          "sensitive_attributes": [],
          "private": "eyJlMmJmYjczMC1lY2FhLTExZTYtOGY4OC0zNDM2M2JjN2M0YzAiOnsiY3JlYXRlIjo2MDAwMDAwMDAwMCwiZGVsZXRlIjo2MDAwMDAwMDAwMCwidXBkYXRlIjo2MDAwMDAwMDAwMH19"
        }
      ]
    },
    {
      "mode": "managed",
      "type": "yandex_vpc_subnet",
      "name": "internal-a",
      "provider": "provider[\"registry.terraform.io/yandex-cloud/yandex\"]",
      "instances": [
        {
          "schema_version": 0,
          "attributes": {
            "created_at": "2021-03-31T03:22:38Z",
            "description": "",
            "dhcp_options": [],
            "folder_id": "b1gj1dh66oosnfvon61a",
            "id": "e9blop9bfgaajokm4feo",
            "labels": null,
            "name": "internal-a",
            "network_id": "enphsu789h16ni8iqod9",
            "route_table_id": "",
            "timeouts": null,
            "v4_cidr_blocks": [
              "172.16.1.0/24"
            ],
            "v6_cidr_blocks": [],
            "zone": "ru-central1-a"
          },
          "sensitive_attributes": [],
          "private": "eyJlMmJmYjczMC1lY2FhLTExZTYtOGY4OC0zNDM2M2JjN2M0YzAiOnsiY3JlYXRlIjoxODAwMDAwMDAwMDAsImRlbGV0ZSI6MTgwMDAwMDAwMDAwLCJ1cGRhdGUiOjE4MDAwMDAwMDAwMH19",
          "dependencies": [
            "yandex_vpc_network.internal"
          ]
        }
      ]
    }
  ]
}
