{
  "version": 4,
  "terraform_version": "0.15.3",
  "serial": 93,
  "lineage": "03a2a5a8-4087-5244-422d-6f54911c735b",
  "outputs": {},
  "resources": [
    {
      "mode": "data",
      "type": "yandex_compute_image",
      "name": "ubuntu_image",
      "provider": "provider[\"registry.terraform.io/yandex-cloud/yandex\"]",
      "instances": [
        {
          "schema_version": 0,
          "attributes": {
            "created_at": "2021-02-03T13:45:33Z",
            "description": "Ubuntu 20.04 distribution. Official website and documentation: https://www.ubuntu.com",
            "family": "ubuntu-2004-lts",
            "folder_id": "standard-images",
            "id": "fd87uq4tagjupcnm376a",
            "image_id": "fd87uq4tagjupcnm376a",
            "labels": {},
            "min_disk_size": 3,
            "name": "ubuntu-2004-lts-1612358882",
            "os_type": "linux",
            "product_ids": [
              "f2e2omleq2p9hqm60avu"
            ],
            "size": 2,
            "status": "ready"
          },
          "sensitive_attributes": []
        }
      ]
    },
    {
      "mode": "managed",
      "type": "yandex_compute_instance",
      "name": "master",
      "provider": "provider[\"registry.terraform.io/yandex-cloud/yandex\"]",
      "instances": [
        {
          "schema_version": 1,
          "attributes": {
            "allow_stopping_for_update": null,
            "boot_disk": [
              {
                "auto_delete": true,
                "device_name": "fhmgp6jb4rh492penqgp",
                "disk_id": "fhmgp6jb4rh492penqgp",
                "initialize_params": [
                  {
                    "description": "",
                    "image_id": "fd87uq4tagjupcnm376a",
                    "name": "",
                    "size": 15,
                    "snapshot_id": "",
                    "type": "network-ssd"
                  }
                ],
                "mode": "READ_WRITE"
              }
            ],
            "created_at": "2021-05-26T03:48:43Z",
            "description": "",
            "folder_id": "b1gj1dh66oosnfvon61a",
            "fqdn": "master.ru-central1.internal",
            "hostname": "master",
            "id": "fhmsdr886ifjn2mojqio",
            "labels": {},
            "metadata": {
              "ssh-keys": "ubuntu:ssh-rsa AAAAB3NzaC1yc2EAAAADAQABAAABgQC+4DFuH4jOF++2kARPTmu9emdeEnZOcghCXBSL/BXOU3KvA5UoZYB/bHxhfhTHwqS+PD1qRbbELTXCygkNoQrXqlXKrK/fvBilEiRvzkPmrCmt4JuJ4fSOZilqh00ddE25Hoe5WPdSajTq3cmEC15ulZg8ujQA4/ifv03Vj/EVhxnL5742u0cvb0NcW3prlpazfL3Q5GsMzXASQcbLkY7goSLzeXjtweukBBlRa9NkVCavtU7Ym8bwFhRcxETDtlggsCYPD0wvY6xuePUBIUCTWA7nBY+rBpQvTWFJikhWG66aL3sRRuf4uCvaAhuOX8WZUnTr7XQrV2O6iwP4EIkfqEnTY1CcTzUl435f950ceZoGZip07KUjku3MICXMDvyC+4JtGGRfmKCZITRkwM+LpWOzYTRKpfS45ob9EVzV6W/iqIG3XrJGjLNvJCmGJsrSv1mRrPuhiP5twNS196Fr7O7eEB68H184lTrkP8bw5kkSPgupmeizC4+Vfb60npM= an.sasch@VIEWROOM.local\n"
            },
            "name": "master",
            "network_acceleration_type": "standard",
            "network_interface": [
              {
                "dns_record": [],
                "index": 0,
                "ip_address": "172.16.242.25",
                "ipv4": true,
                "ipv6": false,
                "ipv6_address": "",
                "ipv6_dns_record": [],
                "mac_address": "d0:0d:1c:6e:d0:83",
                "nat": true,
                "nat_dns_record": [],
                "nat_ip_address": "130.193.49.33",
                "nat_ip_version": "IPV4",
                "security_group_ids": [],
                "subnet_id": "e9b654ot18eop4blkkk9"
              }
            ],
            "placement_policy": [
              {
                "placement_group_id": ""
              }
            ],
            "platform_id": "standard-v2",
            "resources": [
              {
                "core_fraction": 100,
                "cores": 2,
                "gpus": 0,
                "memory": 4
              }
            ],
            "scheduling_policy": [
              {
                "preemptible": false
              }
            ],
            "secondary_disk": [],
            "service_account_id": "",
            "status": "running",
            "timeouts": null,
            "zone": "ru-central1-a"
          },
          "sensitive_attributes": [],
          "private": "eyJlMmJmYjczMC1lY2FhLTExZTYtOGY4OC0zNDM2M2JjN2M0YzAiOnsiY3JlYXRlIjozMDAwMDAwMDAwMDAsImRlbGV0ZSI6MzAwMDAwMDAwMDAwLCJ1cGRhdGUiOjMwMDAwMDAwMDAwMH0sInNjaGVtYV92ZXJzaW9uIjoiMSJ9",
          "dependencies": [
            "data.yandex_compute_image.ubuntu_image",
            "yandex_vpc_network.internal-ifpch",
            "yandex_vpc_subnet.internal-a-ifpch",
            "yandex_vpc_network.internal-zzgry",
            "yandex_vpc_subnet.internal-a-zzgry"
          ]
        }
      ]
    },
    {
      "mode": "managed",
      "type": "yandex_compute_instance_group",
      "name": "workers-1gbnwm",
      "provider": "provider[\"registry.terraform.io/yandex-cloud/yandex\"]",
      "instances": [
        {
          "schema_version": 0,
          "attributes": {
            "allocation_policy": [
              {
                "zones": [
                  "ru-central1-a"
                ]
              }
            ],
            "created_at": "2021-05-26T03:48:43Z",
            "deletion_protection": false,
            "deploy_policy": [
              {
                "max_creating": 3,
                "max_deleting": 3,
                "max_expansion": 1,
                "max_unavailable": 1,
                "startup_duration": 0,
                "strategy": "proactive"
              }
            ],
            "description": "",
            "folder_id": "b1gj1dh66oosnfvon61a",
            "health_check": [],
            "id": "cl1icrolotsrv2aei97r",
            "instance_template": [
              {
                "boot_disk": [
                  {
                    "device_name": "",
                    "initialize_params": [
                      {
                        "description": "",
                        "image_id": "fd87uq4tagjupcnm376a",
                        "size": 15,
                        "snapshot_id": "",
                        "type": "network-ssd"
                      }
                    ],
                    "mode": "READ_WRITE"
                  }
                ],
                "description": "",
                "hostname": "",
                "labels": {},
                "metadata": {
                  "ssh-keys": "ubuntu:ssh-rsa AAAAB3NzaC1yc2EAAAADAQABAAABgQC+4DFuH4jOF++2kARPTmu9emdeEnZOcghCXBSL/BXOU3KvA5UoZYB/bHxhfhTHwqS+PD1qRbbELTXCygkNoQrXqlXKrK/fvBilEiRvzkPmrCmt4JuJ4fSOZilqh00ddE25Hoe5WPdSajTq3cmEC15ulZg8ujQA4/ifv03Vj/EVhxnL5742u0cvb0NcW3prlpazfL3Q5GsMzXASQcbLkY7goSLzeXjtweukBBlRa9NkVCavtU7Ym8bwFhRcxETDtlggsCYPD0wvY6xuePUBIUCTWA7nBY+rBpQvTWFJikhWG66aL3sRRuf4uCvaAhuOX8WZUnTr7XQrV2O6iwP4EIkfqEnTY1CcTzUl435f950ceZoGZip07KUjku3MICXMDvyC+4JtGGRfmKCZITRkwM+LpWOzYTRKpfS45ob9EVzV6W/iqIG3XrJGjLNvJCmGJsrSv1mRrPuhiP5twNS196Fr7O7eEB68H184lTrkP8bw5kkSPgupmeizC4+Vfb60npM= an.sasch@VIEWROOM.local\n"
                },
                "name": "",
                "network_interface": [
                  {
                    "dns_record": [],
                    "ipv4": true,
                    "ipv6": false,
                    "ipv6_dns_record": [],
                    "nat": true,
                    "nat_dns_record": [],
                    "network_id": "enpuqnqprdjfc2qvt41a",
                    "security_group_ids": [],
                    "subnet_ids": [
                      "e9b654ot18eop4blkkk9"
                    ]
                  }
                ],
                "network_settings": [],
                "placement_policy": [],
                "platform_id": "standard-v2",
                "resources": [
                  {
                    "core_fraction": 100,
                    "cores": 4,
                    "gpus": 0,
                    "memory": 4
                  }
                ],
                "scheduling_policy": [
                  {
                    "preemptible": false
                  }
                ],
                "secondary_disk": [],
                "service_account_id": ""
              }
            ],
            "instances": [
              {
                "fqdn": "cl1icrolotsrv2aei97r-ipaz.ru-central1.internal",
                "instance_id": "fhmimoaqcs45glno5d7e",
                "name": "cl1icrolotsrv2aei97r-ipaz",
                "network_interface": [
                  {
                    "index": 0,
                    "ip_address": "172.16.242.13",
                    "ipv4": true,
                    "ipv6": false,
                    "ipv6_address": "",
                    "mac_address": "d0:0d:12:b6:15:a6",
                    "nat": true,
                    "nat_ip_address": "84.201.172.239",
                    "nat_ip_version": "IPV4",
                    "subnet_id": "e9b654ot18eop4blkkk9"
                  }
                ],
                "status": "STOPPED",
                "status_changed_at": "2021-05-26T04:05:51Z",
                "status_message": "",
                "zone_id": "ru-central1-a"
              },
              {
                "fqdn": "cl1icrolotsrv2aei97r-ovid.ru-central1.internal",
                "instance_id": "fhmgsaep6i703n1jq2nr",
                "name": "cl1icrolotsrv2aei97r-ovid",
                "network_interface": [
                  {
                    "index": 0,
                    "ip_address": "172.16.242.35",
                    "ipv4": true,
                    "ipv6": false,
                    "ipv6_address": "",
                    "mac_address": "d0:0d:10:e2:9d:93",
                    "nat": true,
                    "nat_ip_address": "178.154.206.97",
                    "nat_ip_version": "IPV4",
                    "subnet_id": "e9b654ot18eop4blkkk9"
                  }
                ],
                "status": "STOPPED",
                "status_changed_at": "2021-05-26T04:05:49Z",
                "status_message": "",
                "zone_id": "ru-central1-a"
              },
              {
                "fqdn": "cl1icrolotsrv2aei97r-atyc.ru-central1.internal",
                "instance_id": "fhma3o6u0jjg26sa3cnq",
                "name": "cl1icrolotsrv2aei97r-atyc",
                "network_interface": [
                  {
                    "index": 0,
                    "ip_address": "172.16.242.24",
                    "ipv4": true,
                    "ipv6": false,
                    "ipv6_address": "",
                    "mac_address": "d0:0d:a1:e0:de:04",
                    "nat": true,
                    "nat_ip_address": "178.154.205.193",
                    "nat_ip_version": "IPV4",
                    "subnet_id": "e9b654ot18eop4blkkk9"
                  }
                ],
                "status": "STOPPED",
                "status_changed_at": "2021-05-26T04:05:51Z",
                "status_message": "",
                "zone_id": "ru-central1-a"
              }
            ],
            "labels": {},
            "load_balancer": [],
            "name": "workers-1gbnwm",
            "scale_policy": [
              {
                "auto_scale": [],
                "fixed_scale": [
                  {
                    "size": 3
                  }
                ],
                "test_auto_scale": []
              }
            ],
            "service_account_id": "ajer27e5oh979f53n1hn",
            "status": "STOPPED",
            "timeouts": null,
            "variables": {}
          },
          "sensitive_attributes": [],
          "private": "eyJlMmJmYjczMC1lY2FhLTExZTYtOGY4OC0zNDM2M2JjN2M0YzAiOnsiY3JlYXRlIjoxODAwMDAwMDAwMDAwLCJkZWxldGUiOjE4MDAwMDAwMDAwMDAsInVwZGF0ZSI6MTgwMDAwMDAwMDAwMH19",
          "dependencies": [
            "data.yandex_compute_image.ubuntu_image",
            "yandex_iam_service_account.instances",
            "yandex_resourcemanager_folder_iam_binding.editor",
            "yandex_vpc_network.internal-zzgry",
            "yandex_vpc_subnet.internal-a-zzgry"
          ]
        }
      ]
    },
    {
      "mode": "managed",
      "type": "yandex_compute_instance_group",
      "name": "workers-1zrgwd",
      "provider": "provider[\"registry.terraform.io/yandex-cloud/yandex\"]",
      "instances": []
    },
    {
      "mode": "managed",
      "type": "yandex_iam_service_account",
      "name": "instances",
      "provider": "provider[\"registry.terraform.io/yandex-cloud/yandex\"]",
      "instances": [
        {
          "schema_version": 0,
          "attributes": {
            "created_at": "2021-05-26T03:48:41Z",
            "description": "service account to manage VMs",
            "folder_id": "b1gj1dh66oosnfvon61a",
            "id": "ajer27e5oh979f53n1hn",
            "name": "instances",
            "timeouts": null
          },
          "sensitive_attributes": [],
          "private": "eyJlMmJmYjczMC1lY2FhLTExZTYtOGY4OC0zNDM2M2JjN2M0YzAiOnsiY3JlYXRlIjo2MDAwMDAwMDAwMCwiZGVsZXRlIjo2MDAwMDAwMDAwMCwidXBkYXRlIjo2MDAwMDAwMDAwMH19"
        }
      ]
    },
    {
      "mode": "managed",
      "type": "yandex_resourcemanager_folder_iam_binding",
      "name": "editor",
      "provider": "provider[\"registry.terraform.io/yandex-cloud/yandex\"]",
      "instances": [
        {
          "schema_version": 0,
          "attributes": {
            "folder_id": "b1gj1dh66oosnfvon61a",
            "id": "b1gj1dh66oosnfvon61a/editor",
            "members": [
              "serviceAccount:ajer27e5oh979f53n1hn"
            ],
            "role": "editor",
            "sleep_after": null
          },
          "sensitive_attributes": [],
          "private": "bnVsbA==",
          "dependencies": [
            "yandex_iam_service_account.instances"
          ]
        }
      ]
    },
    {
      "mode": "managed",
      "type": "yandex_vpc_network",
      "name": "internal-zzgry",
      "provider": "provider[\"registry.terraform.io/yandex-cloud/yandex\"]",
      "instances": [
        {
          "schema_version": 0,
          "attributes": {
            "created_at": "2021-05-26T03:48:41Z",
            "default_security_group_id": "",
            "description": "",
            "folder_id": "b1gj1dh66oosnfvon61a",
            "id": "enpuqnqprdjfc2qvt41a",
            "labels": {},
            "name": "internal-zzgry",
            "subnet_ids": [
              "e9b654ot18eop4blkkk9"
            ],
            "timeouts": null
          },
          "sensitive_attributes": [],
          "private": "eyJlMmJmYjczMC1lY2FhLTExZTYtOGY4OC0zNDM2M2JjN2M0YzAiOnsiY3JlYXRlIjo2MDAwMDAwMDAwMCwiZGVsZXRlIjo2MDAwMDAwMDAwMCwidXBkYXRlIjo2MDAwMDAwMDAwMH19"
        }
      ]
    },
    {
      "mode": "managed",
      "type": "yandex_vpc_subnet",
      "name": "internal-a-ifpch",
      "provider": "provider[\"registry.terraform.io/yandex-cloud/yandex\"]",
      "instances": []
    },
    {
      "mode": "managed",
      "type": "yandex_vpc_subnet",
      "name": "internal-a-zzgry",
      "provider": "provider[\"registry.terraform.io/yandex-cloud/yandex\"]",
      "instances": [
        {
          "schema_version": 0,
          "attributes": {
            "created_at": "2021-05-26T03:48:42Z",
            "description": "",
            "dhcp_options": [],
            "folder_id": "b1gj1dh66oosnfvon61a",
            "id": "e9b654ot18eop4blkkk9",
            "labels": {},
            "name": "internal-a-zzgry",
            "network_id": "enpuqnqprdjfc2qvt41a",
            "route_table_id": "",
            "timeouts": null,
            "v4_cidr_blocks": [
              "172.16.242.0/24"
            ],
            "v6_cidr_blocks": [],
            "zone": "ru-central1-a"
          },
          "sensitive_attributes": [],
          "private": "eyJlMmJmYjczMC1lY2FhLTExZTYtOGY4OC0zNDM2M2JjN2M0YzAiOnsiY3JlYXRlIjoxODAwMDAwMDAwMDAsImRlbGV0ZSI6MTgwMDAwMDAwMDAwLCJ1cGRhdGUiOjE4MDAwMDAwMDAwMH19",
          "dependencies": [
            "yandex_vpc_network.internal-zzgry"
          ]
        }
      ]
    }
  ]
}
